
Microsoft Visual Studio Solution File, Format Version 12.00
Project("{FAE04EC0-301F-11D3-BF4B-00C04F79EFBC}") = "Task5ConvertNumberToText", "Task5ConvertNumberToText\Task5ConvertNumberToText.csproj", "{F6F62ABD-CC7D-4990-B87E-5B8C4956538B}"
EndProject
Global
	GlobalSection(SolutionConfigurationPlatforms) = preSolution
		Debug|Any CPU = Debug|Any CPU
		Release|Any CPU = Release|Any CPU
	EndGlobalSection
	GlobalSection(ProjectConfigurationPlatforms) = postSolution
		{F6F62ABD-CC7D-4990-B87E-5B8C4956538B}.Debug|Any CPU.ActiveCfg = Debug|Any CPU
		{F6F62ABD-CC7D-4990-B87E-5B8C4956538B}.Debug|Any CPU.Build.0 = Debug|Any CPU
		{F6F62ABD-CC7D-4990-B87E-5B8C4956538B}.Release|Any CPU.ActiveCfg = Release|Any CPU
		{F6F62ABD-CC7D-4990-B87E-5B8C4956538B}.Release|Any CPU.Build.0 = Release|Any CPU
	EndGlobalSection
EndGlobal
